
Microsoft Visual Studio Solution File, Format Version 12.00
# Visual Studio Version 16
VisualStudioVersion = 16.0.30428.66
MinimumVisualStudioVersion = 10.0.40219.1
Project("{FAE04EC0-301F-11D3-BF4B-00C04F79EFBC}") = "Services", "Services\Services.csproj", "{15559C56-8D42-404D-A5B0-E0B597A5EACF}"
EndProject
Global
	GlobalSection(SolutionConfigurationPlatforms) = preSolution
		Debug|Any CPU = Debug|Any CPU
		Release|Any CPU = Release|Any CPU
	EndGlobalSection
	GlobalSection(ProjectConfigurationPlatforms) = postSolution
		{15559C56-8D42-404D-A5B0-E0B597A5EACF}.Debug|Any CPU.ActiveCfg = Debug|Any CPU
		{15559C56-8D42-404D-A5B0-E0B597A5EACF}.Debug|Any CPU.Build.0 = Debug|Any CPU
		{15559C56-8D42-404D-A5B0-E0B597A5EACF}.Release|Any CPU.ActiveCfg = Release|Any CPU
		{15559C56-8D42-404D-A5B0-E0B597A5EACF}.Release|Any CPU.Build.0 = Release|Any CPU
	EndGlobalSection
	GlobalSection(SolutionProperties) = preSolution
		HideSolutionNode = FALSE
	EndGlobalSection
	GlobalSection(ExtensibilityGlobals) = postSolution
		SolutionGuid = {067B92F2-D310-4D2C-9BAF-79729065D6CD}
	EndGlobalSection
EndGlobal
