
Microsoft Visual Studio Solution File, Format Version 12.00
# Visual Studio Version 16
VisualStudioVersion = 16.0.30428.66
MinimumVisualStudioVersion = 10.0.40219.1
Project("{FAE04EC0-301F-11D3-BF4B-00C04F79EFBC}") = "Villansicos", "Villansicos\Villansicos.csproj", "{475D76AB-B07A-4BC0-A938-68E8AD4CFE0D}"
EndProject
Global
	GlobalSection(SolutionConfigurationPlatforms) = preSolution
		Debug|Any CPU = Debug|Any CPU
		Release|Any CPU = Release|Any CPU
	EndGlobalSection
	GlobalSection(ProjectConfigurationPlatforms) = postSolution
		{475D76AB-B07A-4BC0-A938-68E8AD4CFE0D}.Debug|Any CPU.ActiveCfg = Debug|Any CPU
		{475D76AB-B07A-4BC0-A938-68E8AD4CFE0D}.Debug|Any CPU.Build.0 = Debug|Any CPU
		{475D76AB-B07A-4BC0-A938-68E8AD4CFE0D}.Release|Any CPU.ActiveCfg = Release|Any CPU
		{475D76AB-B07A-4BC0-A938-68E8AD4CFE0D}.Release|Any CPU.Build.0 = Release|Any CPU
	EndGlobalSection
	GlobalSection(SolutionProperties) = preSolution
		HideSolutionNode = FALSE
	EndGlobalSection
	GlobalSection(ExtensibilityGlobals) = postSolution
		SolutionGuid = {A62D1245-2A37-421F-9143-EEEE30111895}
	EndGlobalSection
EndGlobal
